
Microsoft Visual Studio Solution File, Format Version 12.00
# Visual Studio Version 17
VisualStudioVersion = 17.14.36408.4 d17.14
MinimumVisualStudioVersion = 10.0.40219.1
Project("{FAE04EC0-301F-11D3-BF4B-00C04F79EFBC}") = "messingaroundandlearning-BenF", "messingaroundandlearning-BenF\messingaroundandlearning-BenF.csproj", "{0C692AF6-19E3-4BD4-916A-28AD5F92E61C}"
EndProject
Global
	GlobalSection(SolutionConfigurationPlatforms) = preSolution
		Debug|Any CPU = Debug|Any CPU
		Release|Any CPU = Release|Any CPU
	EndGlobalSection
	GlobalSection(ProjectConfigurationPlatforms) = postSolution
		{0C692AF6-19E3-4BD4-916A-28AD5F92E61C}.Debug|Any CPU.ActiveCfg = Debug|Any CPU
		{0C692AF6-19E3-4BD4-916A-28AD5F92E61C}.Debug|Any CPU.Build.0 = Debug|Any CPU
		{0C692AF6-19E3-4BD4-916A-28AD5F92E61C}.Release|Any CPU.ActiveCfg = Release|Any CPU
		{0C692AF6-19E3-4BD4-916A-28AD5F92E61C}.Release|Any CPU.Build.0 = Release|Any CPU
	EndGlobalSection
	GlobalSection(SolutionProperties) = preSolution
		HideSolutionNode = FALSE
	EndGlobalSection
	GlobalSection(ExtensibilityGlobals) = postSolution
		SolutionGuid = {BCAEF986-2550-4E5D-8CDF-5ECF33B6047F}
	EndGlobalSection
EndGlobal
